// !$*UTF8*$!
{
	archiveVersion = 1;
	classes = {
	};
	objectVersion = 46;
	objects = {

/* Begin PBXBuildFile section */
		191E89B81CCD900E005985CD /* Assets.xcassets in Resources */ = {isa = PBXBuildFile; fileRef = 191E89B71CCD900E005985CD /* Assets.xcassets */; };
		191E89BB1CCD900E005985CD /* LaunchScreen.storyboard in Resources */ = {isa = PBXBuildFile; fileRef = 191E89B91CCD900E005985CD /* LaunchScreen.storyboard */; };
		191E89C61CCD900F005985CD /* SnackbarTests.swift in Sources */ = {isa = PBXBuildFile; fileRef = 191E89C51CCD900F005985CD /* SnackbarTests.swift */; };
		191E89D11CCD900F005985CD /* SnackbarUITests.swift in Sources */ = {isa = PBXBuildFile; fileRef = 191E89D01CCD900F005985CD /* SnackbarUITests.swift */; };
		191E89F61CCD9B39005985CD /* AppDelegate.swift in Sources */ = {isa = PBXBuildFile; fileRef = 191E89F41CCD9B39005985CD /* AppDelegate.swift */; };
		191E89F71CCD9B39005985CD /* Info.plist in Resources */ = {isa = PBXBuildFile; fileRef = 191E89F51CCD9B39005985CD /* Info.plist */; };
		191E89FA1CCD9B84005985CD /* SharedConstants.swift in Sources */ = {isa = PBXBuildFile; fileRef = 191E89F91CCD9B84005985CD /* SharedConstants.swift */; };
		191E89FF1CCD9BEF005985CD /* BleManager.swift in Sources */ = {isa = PBXBuildFile; fileRef = 191E89FE1CCD9BEF005985CD /* BleManager.swift */; };
		191E8A0F1CCE8A65005985CD /* ConnectViewController.xib in Resources */ = {isa = PBXBuildFile; fileRef = 191E8A0C1CCE8A65005985CD /* ConnectViewController.xib */; };
		191E8A101CCE8A65005985CD /* ConnectViewController.swift in Sources */ = {isa = PBXBuildFile; fileRef = 191E8A0D1CCE8A65005985CD /* ConnectViewController.swift */; };
		191E8A131CCE8BD9005985CD /* NearbyScanViewController.swift in Sources */ = {isa = PBXBuildFile; fileRef = 191E8A121CCE8BD9005985CD /* NearbyScanViewController.swift */; };
		191E8A151CCE8CD8005985CD /* NearbyScanViewController.xib in Resources */ = {isa = PBXBuildFile; fileRef = 191E8A141CCE8CD8005985CD /* NearbyScanViewController.xib */; };
		191E8A181CCE8D59005985CD /* OverlayView.xib in Resources */ = {isa = PBXBuildFile; fileRef = 191E8A171CCE8D59005985CD /* OverlayView.xib */; };
		191E8A1A1CCE8DC8005985CD /* OverlayView.swift in Sources */ = {isa = PBXBuildFile; fileRef = 191E8A191CCE8DC8005985CD /* OverlayView.swift */; };
		191E8A1C1CCE8FA8005985CD /* NibLoadingView.swift in Sources */ = {isa = PBXBuildFile; fileRef = 191E8A1B1CCE8FA8005985CD /* NibLoadingView.swift */; };
		191E8A1F1CCEC75F005985CD /* UIViewExtension.swift in Sources */ = {isa = PBXBuildFile; fileRef = 191E8A1E1CCEC75F005985CD /* UIViewExtension.swift */; };
		191E8A5D1CD02E7F005985CD /* NearByScanViewCell.swift in Sources */ = {isa = PBXBuildFile; fileRef = 191E8A5C1CD02E7F005985CD /* NearByScanViewCell.swift */; };
		191E8A5F1CD02EED005985CD /* UIColorExtension.swift in Sources */ = {isa = PBXBuildFile; fileRef = 191E8A5E1CD02EED005985CD /* UIColorExtension.swift */; };
		191E8A611CD02F46005985CD /* NearByScanViewCell.xib in Resources */ = {isa = PBXBuildFile; fileRef = 191E8A601CD02F46005985CD /* NearByScanViewCell.xib */; };
		191E8A681CD09D99005985CD /* PulseViewController.xib in Resources */ = {isa = PBXBuildFile; fileRef = 191E8A671CD09D99005985CD /* PulseViewController.xib */; };
		191E8A6A1CD09DA7005985CD /* PulseViewController.swift in Sources */ = {isa = PBXBuildFile; fileRef = 191E8A691CD09DA7005985CD /* PulseViewController.swift */; };
/* End PBXBuildFile section */

/* Begin PBXContainerItemProxy section */
		191E89C21CCD900F005985CD /* PBXContainerItemProxy */ = {
			isa = PBXContainerItemProxy;
			containerPortal = 191E89A51CCD900E005985CD /* Project object */;
			proxyType = 1;
			remoteGlobalIDString = 191E89AC1CCD900E005985CD;
			remoteInfo = Snackbar;
		};
		191E89CD1CCD900F005985CD /* PBXContainerItemProxy */ = {
			isa = PBXContainerItemProxy;
			containerPortal = 191E89A51CCD900E005985CD /* Project object */;
			proxyType = 1;
			remoteGlobalIDString = 191E89AC1CCD900E005985CD;
			remoteInfo = Snackbar;
		};
/* End PBXContainerItemProxy section */

/* Begin PBXFileReference section */
		191E89AD1CCD900E005985CD /* Snackbar.app */ = {isa = PBXFileReference; explicitFileType = wrapper.application; includeInIndex = 0; path = Snackbar.app; sourceTree = BUILT_PRODUCTS_DIR; };
		191E89B71CCD900E005985CD /* Assets.xcassets */ = {isa = PBXFileReference; lastKnownFileType = folder.assetcatalog; path = Assets.xcassets; sourceTree = "<group>"; };
		191E89BA1CCD900E005985CD /* Base */ = {isa = PBXFileReference; lastKnownFileType = file.storyboard; name = Base; path = Base.lproj/LaunchScreen.storyboard; sourceTree = "<group>"; };
		191E89C11CCD900F005985CD /* SnackbarTests.xctest */ = {isa = PBXFileReference; explicitFileType = wrapper.cfbundle; includeInIndex = 0; path = SnackbarTests.xctest; sourceTree = BUILT_PRODUCTS_DIR; };
		191E89C51CCD900F005985CD /* SnackbarTests.swift */ = {isa = PBXFileReference; lastKnownFileType = sourcecode.swift; path = SnackbarTests.swift; sourceTree = "<group>"; };
		191E89C71CCD900F005985CD /* Info.plist */ = {isa = PBXFileReference; lastKnownFileType = text.plist.xml; path = Info.plist; sourceTree = "<group>"; };
		191E89CC1CCD900F005985CD /* SnackbarUITests.xctest */ = {isa = PBXFileReference; explicitFileType = wrapper.cfbundle; includeInIndex = 0; path = SnackbarUITests.xctest; sourceTree = BUILT_PRODUCTS_DIR; };
		191E89D01CCD900F005985CD /* SnackbarUITests.swift */ = {isa = PBXFileReference; lastKnownFileType = sourcecode.swift; path = SnackbarUITests.swift; sourceTree = "<group>"; };
		191E89D21CCD900F005985CD /* Info.plist */ = {isa = PBXFileReference; lastKnownFileType = text.plist.xml; path = Info.plist; sourceTree = "<group>"; };
		191E89F41CCD9B39005985CD /* AppDelegate.swift */ = {isa = PBXFileReference; fileEncoding = 4; lastKnownFileType = sourcecode.swift; path = AppDelegate.swift; sourceTree = "<group>"; };
		191E89F51CCD9B39005985CD /* Info.plist */ = {isa = PBXFileReference; fileEncoding = 4; lastKnownFileType = text.plist.xml; path = Info.plist; sourceTree = "<group>"; };
		191E89F91CCD9B84005985CD /* SharedConstants.swift */ = {isa = PBXFileReference; fileEncoding = 4; lastKnownFileType = sourcecode.swift; path = SharedConstants.swift; sourceTree = "<group>"; };
		191E89FE1CCD9BEF005985CD /* BleManager.swift */ = {isa = PBXFileReference; fileEncoding = 4; lastKnownFileType = sourcecode.swift; path = BleManager.swift; sourceTree = "<group>"; };
		191E8A0C1CCE8A65005985CD /* ConnectViewController.xib */ = {isa = PBXFileReference; fileEncoding = 4; lastKnownFileType = file.xib; path = ConnectViewController.xib; sourceTree = "<group>"; };
		191E8A0D1CCE8A65005985CD /* ConnectViewController.swift */ = {isa = PBXFileReference; fileEncoding = 4; lastKnownFileType = sourcecode.swift; path = ConnectViewController.swift; sourceTree = "<group>"; };
		191E8A121CCE8BD9005985CD /* NearbyScanViewController.swift */ = {isa = PBXFileReference; fileEncoding = 4; lastKnownFileType = sourcecode.swift; path = NearbyScanViewController.swift; sourceTree = "<group>"; };
		191E8A141CCE8CD8005985CD /* NearbyScanViewController.xib */ = {isa = PBXFileReference; fileEncoding = 4; lastKnownFileType = file.xib; path = NearbyScanViewController.xib; sourceTree = "<group>"; };
		191E8A171CCE8D59005985CD /* OverlayView.xib */ = {isa = PBXFileReference; fileEncoding = 4; lastKnownFileType = file.xib; path = OverlayView.xib; sourceTree = "<group>"; };
		191E8A191CCE8DC8005985CD /* OverlayView.swift */ = {isa = PBXFileReference; fileEncoding = 4; lastKnownFileType = sourcecode.swift; path = OverlayView.swift; sourceTree = "<group>"; };
		191E8A1B1CCE8FA8005985CD /* NibLoadingView.swift */ = {isa = PBXFileReference; fileEncoding = 4; lastKnownFileType = sourcecode.swift; path = NibLoadingView.swift; sourceTree = "<group>"; };
		191E8A1E1CCEC75F005985CD /* UIViewExtension.swift */ = {isa = PBXFileReference; fileEncoding = 4; lastKnownFileType = sourcecode.swift; path = UIViewExtension.swift; sourceTree = "<group>"; };
		191E8A221CCEC9A7005985CD /* Snackbar.entitlements */ = {isa = PBXFileReference; lastKnownFileType = text.xml; path = Snackbar.entitlements; sourceTree = "<group>"; };
		191E8A5C1CD02E7F005985CD /* NearByScanViewCell.swift */ = {isa = PBXFileReference; fileEncoding = 4; lastKnownFileType = sourcecode.swift; path = NearByScanViewCell.swift; sourceTree = "<group>"; };
		191E8A5E1CD02EED005985CD /* UIColorExtension.swift */ = {isa = PBXFileReference; fileEncoding = 4; lastKnownFileType = sourcecode.swift; path = UIColorExtension.swift; sourceTree = "<group>"; };
		191E8A601CD02F46005985CD /* NearByScanViewCell.xib */ = {isa = PBXFileReference; fileEncoding = 4; lastKnownFileType = file.xib; path = NearByScanViewCell.xib; sourceTree = "<group>"; };
		191E8A671CD09D99005985CD /* PulseViewController.xib */ = {isa = PBXFileReference; fileEncoding = 4; lastKnownFileType = file.xib; path = PulseViewController.xib; sourceTree = "<group>"; };
		191E8A691CD09DA7005985CD /* PulseViewController.swift */ = {isa = PBXFileReference; fileEncoding = 4; lastKnownFileType = sourcecode.swift; path = PulseViewController.swift; sourceTree = "<group>"; };
/* End PBXFileReference section */

/* Begin PBXFrameworksBuildPhase section */
		191E89AA1CCD900E005985CD /* Frameworks */ = {
			isa = PBXFrameworksBuildPhase;
			buildActionMask = 2147483647;
			files = (
			);
			runOnlyForDeploymentPostprocessing = 0;
		};
		191E89BE1CCD900F005985CD /* Frameworks */ = {
			isa = PBXFrameworksBuildPhase;
			buildActionMask = 2147483647;
			files = (
			);
			runOnlyForDeploymentPostprocessing = 0;
		};
		191E89C91CCD900F005985CD /* Frameworks */ = {
			isa = PBXFrameworksBuildPhase;
			buildActionMask = 2147483647;
			files = (
			);
			runOnlyForDeploymentPostprocessing = 0;
		};
/* End PBXFrameworksBuildPhase section */

/* Begin PBXGroup section */
		191E89A41CCD900E005985CD = {
			isa = PBXGroup;
			children = (
				191E89AF1CCD900E005985CD /* Snackbar */,
				191E89FD1CCD9BDA005985CD /* Manager */,
				191E89E41CCD96EC005985CD /* 3rdParty */,
				191E89E81CCD96EC005985CD /* Extension */,
				191E89E91CCD96EC005985CD /* Frameworks */,
				191E89EA1CCD96EC005985CD /* General */,
				191E89EB1CCD96EC005985CD /* Model */,
				191E89F11CCD99C7005985CD /* Views */,
				191E89EC1CCD96EC005985CD /* ViewControllers */,
				191E89C41CCD900F005985CD /* SnackbarTests */,
				191E89CF1CCD900F005985CD /* SnackbarUITests */,
				191E89AE1CCD900E005985CD /* Products */,
			);
			sourceTree = "<group>";
		};
		191E89AE1CCD900E005985CD /* Products */ = {
			isa = PBXGroup;
			children = (
				191E89AD1CCD900E005985CD /* Snackbar.app */,
				191E89C11CCD900F005985CD /* SnackbarTests.xctest */,
				191E89CC1CCD900F005985CD /* SnackbarUITests.xctest */,
			);
			name = Products;
			sourceTree = "<group>";
		};
		191E89AF1CCD900E005985CD /* Snackbar */ = {
			isa = PBXGroup;
			children = (
				191E8A221CCEC9A7005985CD /* Snackbar.entitlements */,
				191E89F41CCD9B39005985CD /* AppDelegate.swift */,
				191E89F51CCD9B39005985CD /* Info.plist */,
				191E89B71CCD900E005985CD /* Assets.xcassets */,
				191E89B91CCD900E005985CD /* LaunchScreen.storyboard */,
			);
			path = Snackbar;
			sourceTree = "<group>";
		};
		191E89C41CCD900F005985CD /* SnackbarTests */ = {
			isa = PBXGroup;
			children = (
				191E89C51CCD900F005985CD /* SnackbarTests.swift */,
				191E89C71CCD900F005985CD /* Info.plist */,
			);
			path = SnackbarTests;
			sourceTree = "<group>";
		};
		191E89CF1CCD900F005985CD /* SnackbarUITests */ = {
			isa = PBXGroup;
			children = (
				191E89D01CCD900F005985CD /* SnackbarUITests.swift */,
				191E89D21CCD900F005985CD /* Info.plist */,
			);
			path = SnackbarUITests;
			sourceTree = "<group>";
		};
		191E89E41CCD96EC005985CD /* 3rdParty */ = {
			isa = PBXGroup;
			children = (
			);
			name = 3rdParty;
			path = Snackbar/3rdParty;
			sourceTree = "<group>";
		};
		191E89E81CCD96EC005985CD /* Extension */ = {
			isa = PBXGroup;
			children = (
				191E8A1E1CCEC75F005985CD /* UIViewExtension.swift */,
				191E8A5E1CD02EED005985CD /* UIColorExtension.swift */,
			);
			name = Extension;
			path = Snackbar/Extension;
			sourceTree = "<group>";
		};
		191E89E91CCD96EC005985CD /* Frameworks */ = {
			isa = PBXGroup;
			children = (
			);
			name = Frameworks;
			path = Snackbar/Frameworks;
			sourceTree = "<group>";
		};
		191E89EA1CCD96EC005985CD /* General */ = {
			isa = PBXGroup;
			children = (
				191E89F91CCD9B84005985CD /* SharedConstants.swift */,
				191E89FC1CCD9B9F005985CD /* Helpers */,
			);
			name = General;
			path = Snackbar/General;
			sourceTree = "<group>";
		};
		191E89EB1CCD96EC005985CD /* Model */ = {
			isa = PBXGroup;
			children = (
			);
			name = Model;
			path = Snackbar/Model;
			sourceTree = "<group>";
		};
		191E89EC1CCD96EC005985CD /* ViewControllers */ = {
			isa = PBXGroup;
			children = (
				191E8A661CD09D8D005985CD /* PulseViewController */,
				191E8A111CCE8BC4005985CD /* NearbyScanViewController */,
				191E8A0B1CCE8A65005985CD /* ConnectViewController */,
			);
			name = ViewControllers;
			path = Snackbar/ViewControllers;
			sourceTree = "<group>";
		};
		191E89F11CCD99C7005985CD /* Views */ = {
			isa = PBXGroup;
			children = (
				191E8A231CCECFF0005985CD /* NearbyScanCell */,
				191E8A161CCE8D4C005985CD /* OverlayView */,
				191E8A1B1CCE8FA8005985CD /* NibLoadingView.swift */,
			);
			name = Views;
			path = Snackbar/Views;
			sourceTree = "<group>";
		};
		191E89FC1CCD9B9F005985CD /* Helpers */ = {
			isa = PBXGroup;
			children = (
			);
			path = Helpers;
			sourceTree = "<group>";
		};
		191E89FD1CCD9BDA005985CD /* Manager */ = {
			isa = PBXGroup;
			children = (
				191E89FE1CCD9BEF005985CD /* BleManager.swift */,
			);
			name = Manager;
			path = Snackbar/Manager;
			sourceTree = "<group>";
		};
		191E8A0B1CCE8A65005985CD /* ConnectViewController */ = {
			isa = PBXGroup;
			children = (
				191E8A0C1CCE8A65005985CD /* ConnectViewController.xib */,
				191E8A0D1CCE8A65005985CD /* ConnectViewController.swift */,
			);
			path = ConnectViewController;
			sourceTree = "<group>";
		};
		191E8A111CCE8BC4005985CD /* NearbyScanViewController */ = {
			isa = PBXGroup;
			children = (
				191E8A121CCE8BD9005985CD /* NearbyScanViewController.swift */,
				191E8A141CCE8CD8005985CD /* NearbyScanViewController.xib */,
			);
			path = NearbyScanViewController;
			sourceTree = "<group>";
		};
		191E8A161CCE8D4C005985CD /* OverlayView */ = {
			isa = PBXGroup;
			children = (
				191E8A171CCE8D59005985CD /* OverlayView.xib */,
				191E8A191CCE8DC8005985CD /* OverlayView.swift */,
			);
			path = OverlayView;
			sourceTree = "<group>";
		};
		191E8A231CCECFF0005985CD /* NearbyScanCell */ = {
			isa = PBXGroup;
			children = (
				191E8A5C1CD02E7F005985CD /* NearByScanViewCell.swift */,
				191E8A601CD02F46005985CD /* NearByScanViewCell.xib */,
			);
			path = NearbyScanCell;
			sourceTree = "<group>";
		};
		191E8A661CD09D8D005985CD /* PulseViewController */ = {
			isa = PBXGroup;
			children = (
				191E8A671CD09D99005985CD /* PulseViewController.xib */,
				191E8A691CD09DA7005985CD /* PulseViewController.swift */,
			);
			path = PulseViewController;
			sourceTree = "<group>";
		};
/* End PBXGroup section */

/* Begin PBXNativeTarget section */
		191E89AC1CCD900E005985CD /* Snackbar */ = {
			isa = PBXNativeTarget;
			buildConfigurationList = 191E89D51CCD900F005985CD /* Build configuration list for PBXNativeTarget "Snackbar" */;
			buildPhases = (
				191E89A91CCD900E005985CD /* Sources */,
				191E89AA1CCD900E005985CD /* Frameworks */,
				191E89AB1CCD900E005985CD /* Resources */,
			);
			buildRules = (
			);
			dependencies = (
			);
			name = Snackbar;
			productName = Snackbar;
			productReference = 191E89AD1CCD900E005985CD /* Snackbar.app */;
			productType = "com.apple.product-type.application";
		};
		191E89C01CCD900F005985CD /* SnackbarTests */ = {
			isa = PBXNativeTarget;
			buildConfigurationList = 191E89D81CCD900F005985CD /* Build configuration list for PBXNativeTarget "SnackbarTests" */;
			buildPhases = (
				191E89BD1CCD900F005985CD /* Sources */,
				191E89BE1CCD900F005985CD /* Frameworks */,
				191E89BF1CCD900F005985CD /* Resources */,
			);
			buildRules = (
			);
			dependencies = (
				191E89C31CCD900F005985CD /* PBXTargetDependency */,
			);
			name = SnackbarTests;
			productName = SnackbarTests;
			productReference = 191E89C11CCD900F005985CD /* SnackbarTests.xctest */;
			productType = "com.apple.product-type.bundle.unit-test";
		};
		191E89CB1CCD900F005985CD /* SnackbarUITests */ = {
			isa = PBXNativeTarget;
			buildConfigurationList = 191E89DB1CCD900F005985CD /* Build configuration list for PBXNativeTarget "SnackbarUITests" */;
			buildPhases = (
				191E89C81CCD900F005985CD /* Sources */,
				191E89C91CCD900F005985CD /* Frameworks */,
				191E89CA1CCD900F005985CD /* Resources */,
			);
			buildRules = (
			);
			dependencies = (
				191E89CE1CCD900F005985CD /* PBXTargetDependency */,
			);
			name = SnackbarUITests;
			productName = SnackbarUITests;
			productReference = 191E89CC1CCD900F005985CD /* SnackbarUITests.xctest */;
			productType = "com.apple.product-type.bundle.ui-testing";
		};
/* End PBXNativeTarget section */

/* Begin PBXProject section */
		191E89A51CCD900E005985CD /* Project object */ = {
			isa = PBXProject;
			attributes = {
				LastSwiftUpdateCheck = 0730;
				LastUpgradeCheck = 0730;
				ORGANIZATIONNAME = Epicara;
				TargetAttributes = {
					191E89AC1CCD900E005985CD = {
						CreatedOnToolsVersion = 7.3;
						DevelopmentTeam = UR4UKG5R68;
						SystemCapabilities = {
							com.apple.BackgroundModes = {
								enabled = 1;
							};
							com.apple.WAC = {
								enabled = 0;
							};
						};
					};
					191E89C01CCD900F005985CD = {
						CreatedOnToolsVersion = 7.3;
						DevelopmentTeam = UR4UKG5R68;
						TestTargetID = 191E89AC1CCD900E005985CD;
					};
					191E89CB1CCD900F005985CD = {
						CreatedOnToolsVersion = 7.3;
						DevelopmentTeam = UR4UKG5R68;
						TestTargetID = 191E89AC1CCD900E005985CD;
					};
				};
			};
			buildConfigurationList = 191E89A81CCD900E005985CD /* Build configuration list for PBXProject "Snackbar" */;
			compatibilityVersion = "Xcode 3.2";
			developmentRegion = English;
			hasScannedForEncodings = 0;
			knownRegions = (
				en,
				Base,
			);
			mainGroup = 191E89A41CCD900E005985CD;
			productRefGroup = 191E89AE1CCD900E005985CD /* Products */;
			projectDirPath = "";
			projectRoot = "";
			targets = (
				191E89AC1CCD900E005985CD /* Snackbar */,
				191E89C01CCD900F005985CD /* SnackbarTests */,
				191E89CB1CCD900F005985CD /* SnackbarUITests */,
			);
		};
/* End PBXProject section */

/* Begin PBXResourcesBuildPhase section */
		191E89AB1CCD900E005985CD /* Resources */ = {
			isa = PBXResourcesBuildPhase;
			buildActionMask = 2147483647;
			files = (
				191E8A681CD09D99005985CD /* PulseViewController.xib in Resources */,
				191E8A0F1CCE8A65005985CD /* ConnectViewController.xib in Resources */,
				191E8A181CCE8D59005985CD /* OverlayView.xib in Resources */,
				191E89F71CCD9B39005985CD /* Info.plist in Resources */,
				191E8A151CCE8CD8005985CD /* NearbyScanViewController.xib in Resources */,
				191E89BB1CCD900E005985CD /* LaunchScreen.storyboard in Resources */,
				191E89B81CCD900E005985CD /* Assets.xcassets in Resources */,
				191E8A611CD02F46005985CD /* NearByScanViewCell.xib in Resources */,
			);
			runOnlyForDeploymentPostprocessing = 0;
		};
		191E89BF1CCD900F005985CD /* Resources */ = {
			isa = PBXResourcesBuildPhase;
			buildActionMask = 2147483647;
			files = (
			);
			runOnlyForDeploymentPostprocessing = 0;
		};
		191E89CA1CCD900F005985CD /* Resources */ = {
			isa = PBXResourcesBuildPhase;
			buildActionMask = 2147483647;
			files = (
			);
			runOnlyForDeploymentPostprocessing = 0;
		};
/* End PBXResourcesBuildPhase section */

/* Begin PBXSourcesBuildPhase section */
		191E89A91CCD900E005985CD /* Sources */ = {
			isa = PBXSourcesBuildPhase;
			buildActionMask = 2147483647;
			files = (
				191E89F61CCD9B39005985CD /* AppDelegate.swift in Sources */,
				191E8A5D1CD02E7F005985CD /* NearByScanViewCell.swift in Sources */,
				191E89FF1CCD9BEF005985CD /* BleManager.swift in Sources */,
				191E8A131CCE8BD9005985CD /* NearbyScanViewController.swift in Sources */,
				191E8A1C1CCE8FA8005985CD /* NibLoadingView.swift in Sources */,
				191E8A1A1CCE8DC8005985CD /* OverlayView.swift in Sources */,
				191E89FA1CCD9B84005985CD /* SharedConstants.swift in Sources */,
				191E8A6A1CD09DA7005985CD /* PulseViewController.swift in Sources */,
				191E8A5F1CD02EED005985CD /* UIColorExtension.swift in Sources */,
				191E8A1F1CCEC75F005985CD /* UIViewExtension.swift in Sources */,
				191E8A101CCE8A65005985CD /* ConnectViewController.swift in Sources */,
			);
			runOnlyForDeploymentPostprocessing = 0;
		};
		191E89BD1CCD900F005985CD /* Sources */ = {
			isa = PBXSourcesBuildPhase;
			buildActionMask = 2147483647;
			files = (
				191E89C61CCD900F005985CD /* SnackbarTests.swift in Sources */,
			);
			runOnlyForDeploymentPostprocessing = 0;
		};
		191E89C81CCD900F005985CD /* Sources */ = {
			isa = PBXSourcesBuildPhase;
			buildActionMask = 2147483647;
			files = (
				191E89D11CCD900F005985CD /* SnackbarUITests.swift in Sources */,
			);
			runOnlyForDeploymentPostprocessing = 0;
		};
/* End PBXSourcesBuildPhase section */

/* Begin PBXTargetDependency section */
		191E89C31CCD900F005985CD /* PBXTargetDependency */ = {
			isa = PBXTargetDependency;
			target = 191E89AC1CCD900E005985CD /* Snackbar */;
			targetProxy = 191E89C21CCD900F005985CD /* PBXContainerItemProxy */;
		};
		191E89CE1CCD900F005985CD /* PBXTargetDependency */ = {
			isa = PBXTargetDependency;
			target = 191E89AC1CCD900E005985CD /* Snackbar */;
			targetProxy = 191E89CD1CCD900F005985CD /* PBXContainerItemProxy */;
		};
/* End PBXTargetDependency section */

/* Begin PBXVariantGroup section */
		191E89B91CCD900E005985CD /* LaunchScreen.storyboard */ = {
			isa = PBXVariantGroup;
			children = (
				191E89BA1CCD900E005985CD /* Base */,
			);
			name = LaunchScreen.storyboard;
			sourceTree = "<group>";
		};
/* End PBXVariantGroup section */

/* Begin XCBuildConfiguration section */
		191E89D31CCD900F005985CD /* Debug */ = {
			isa = XCBuildConfiguration;
			buildSettings = {
				ALWAYS_SEARCH_USER_PATHS = NO;
				CLANG_ANALYZER_NONNULL = YES;
				CLANG_CXX_LANGUAGE_STANDARD = "gnu++0x";
				CLANG_CXX_LIBRARY = "libc++";
				CLANG_ENABLE_MODULES = YES;
				CLANG_ENABLE_OBJC_ARC = YES;
				CLANG_WARN_BOOL_CONVERSION = YES;
				CLANG_WARN_CONSTANT_CONVERSION = YES;
				CLANG_WARN_DIRECT_OBJC_ISA_USAGE = YES_ERROR;
				CLANG_WARN_EMPTY_BODY = YES;
				CLANG_WARN_ENUM_CONVERSION = YES;
				CLANG_WARN_INT_CONVERSION = YES;
				CLANG_WARN_OBJC_ROOT_CLASS = YES_ERROR;
				CLANG_WARN_UNREACHABLE_CODE = YES;
				CLANG_WARN__DUPLICATE_METHOD_MATCH = YES;
				"CODE_SIGN_IDENTITY[sdk=iphoneos*]" = "iPhone Developer";
				COPY_PHASE_STRIP = NO;
				DEBUG_INFORMATION_FORMAT = dwarf;
				ENABLE_STRICT_OBJC_MSGSEND = YES;
				ENABLE_TESTABILITY = YES;
				GCC_C_LANGUAGE_STANDARD = gnu99;
				GCC_DYNAMIC_NO_PIC = NO;
				GCC_NO_COMMON_BLOCKS = YES;
				GCC_OPTIMIZATION_LEVEL = 0;
				GCC_PREPROCESSOR_DEFINITIONS = (
					"DEBUG=1",
					"$(inherited)",
				);
				GCC_WARN_64_TO_32_BIT_CONVERSION = YES;
				GCC_WARN_ABOUT_RETURN_TYPE = YES_ERROR;
				GCC_WARN_UNDECLARED_SELECTOR = YES;
				GCC_WARN_UNINITIALIZED_AUTOS = YES_AGGRESSIVE;
				GCC_WARN_UNUSED_FUNCTION = YES;
				GCC_WARN_UNUSED_VARIABLE = YES;
				IPHONEOS_DEPLOYMENT_TARGET = 9.3;
				MTL_ENABLE_DEBUG_INFO = YES;
				ONLY_ACTIVE_ARCH = YES;
				SDKROOT = iphoneos;
				SWIFT_OPTIMIZATION_LEVEL = "-Onone";
				TARGETED_DEVICE_FAMILY = "1,2";
			};
			name = Debug;
		};
		191E89D41CCD900F005985CD /* Release */ = {
			isa = XCBuildConfiguration;
			buildSettings = {
				ALWAYS_SEARCH_USER_PATHS = NO;
				CLANG_ANALYZER_NONNULL = YES;
				CLANG_CXX_LANGUAGE_STANDARD = "gnu++0x";
				CLANG_CXX_LIBRARY = "libc++";
				CLANG_ENABLE_MODULES = YES;
				CLANG_ENABLE_OBJC_ARC = YES;
				CLANG_WARN_BOOL_CONVERSION = YES;
				CLANG_WARN_CONSTANT_CONVERSION = YES;
				CLANG_WARN_DIRECT_OBJC_ISA_USAGE = YES_ERROR;
				CLANG_WARN_EMPTY_BODY = YES;
				CLANG_WARN_ENUM_CONVERSION = YES;
				CLANG_WARN_INT_CONVERSION = YES;
				CLANG_WARN_OBJC_ROOT_CLASS = YES_ERROR;
				CLANG_WARN_UNREACHABLE_CODE = YES;
				CLANG_WARN__DUPLICATE_METHOD_MATCH = YES;
				"CODE_SIGN_IDENTITY[sdk=iphoneos*]" = "iPhone Developer";
				COPY_PHASE_STRIP = NO;
				DEBUG_INFORMATION_FORMAT = "dwarf-with-dsym";
				ENABLE_NS_ASSERTIONS = NO;
				ENABLE_STRICT_OBJC_MSGSEND = YES;
				GCC_C_LANGUAGE_STANDARD = gnu99;
				GCC_NO_COMMON_BLOCKS = YES;
				GCC_WARN_64_TO_32_BIT_CONVERSION = YES;
				GCC_WARN_ABOUT_RETURN_TYPE = YES_ERROR;
				GCC_WARN_UNDECLARED_SELECTOR = YES;
				GCC_WARN_UNINITIALIZED_AUTOS = YES_AGGRESSIVE;
				GCC_WARN_UNUSED_FUNCTION = YES;
				GCC_WARN_UNUSED_VARIABLE = YES;
				IPHONEOS_DEPLOYMENT_TARGET = 9.3;
				MTL_ENABLE_DEBUG_INFO = NO;
				SDKROOT = iphoneos;
				TARGETED_DEVICE_FAMILY = "1,2";
				VALIDATE_PRODUCT = YES;
			};
			name = Release;
		};
		191E89D61CCD900F005985CD /* Debug */ = {
			isa = XCBuildConfiguration;
			buildSettings = {
				ASSETCATALOG_COMPILER_APPICON_NAME = AppIcon;
				INFOPLIST_FILE = Snackbar/Info.plist;
				LD_RUNPATH_SEARCH_PATHS = "$(inherited) @executable_path/Frameworks";
				PRODUCT_BUNDLE_IDENTIFIER = com.epic.Snackbar;
				PRODUCT_NAME = "$(TARGET_NAME)";
			};
			name = Debug;
		};
		191E89D71CCD900F005985CD /* Release */ = {
			isa = XCBuildConfiguration;
			buildSettings = {
				ASSETCATALOG_COMPILER_APPICON_NAME = AppIcon;
				INFOPLIST_FILE = Snackbar/Info.plist;
				LD_RUNPATH_SEARCH_PATHS = "$(inherited) @executable_path/Frameworks";
				PRODUCT_BUNDLE_IDENTIFIER = com.epic.Snackbar;
				PRODUCT_NAME = "$(TARGET_NAME)";
			};
			name = Release;
		};
		191E89D91CCD900F005985CD /* Debug */ = {
			isa = XCBuildConfiguration;
			buildSettings = {
				BUNDLE_LOADER = "$(TEST_HOST)";
				INFOPLIST_FILE = SnackbarTests/Info.plist;
				LD_RUNPATH_SEARCH_PATHS = "$(inherited) @executable_path/Frameworks @loader_path/Frameworks";
				PRODUCT_BUNDLE_IDENTIFIER = com.epic.SnackbarTests;
				PRODUCT_NAME = "$(TARGET_NAME)";
				TEST_HOST = "$(BUILT_PRODUCTS_DIR)/Snackbar.app/Snackbar";
			};
			name = Debug;
		};
		191E89DA1CCD900F005985CD /* Release */ = {
			isa = XCBuildConfiguration;
			buildSettings = {
				BUNDLE_LOADER = "$(TEST_HOST)";
				INFOPLIST_FILE = SnackbarTests/Info.plist;
				LD_RUNPATH_SEARCH_PATHS = "$(inherited) @executable_path/Frameworks @loader_path/Frameworks";
				PRODUCT_BUNDLE_IDENTIFIER = com.epic.SnackbarTests;
				PRODUCT_NAME = "$(TARGET_NAME)";
				TEST_HOST = "$(BUILT_PRODUCTS_DIR)/Snackbar.app/Snackbar";
			};
			name = Release;
		};
		191E89DC1CCD900F005985CD /* Debug */ = {
			isa = XCBuildConfiguration;
			buildSettings = {
				INFOPLIST_FILE = SnackbarUITests/Info.plist;
				LD_RUNPATH_SEARCH_PATHS = "$(inherited) @executable_path/Frameworks @loader_path/Frameworks";
				PRODUCT_BUNDLE_IDENTIFIER = com.epic.SnackbarUITests;
				PRODUCT_NAME = "$(TARGET_NAME)";
				TEST_TARGET_NAME = Snackbar;
			};
			name = Debug;
		};
		191E89DD1CCD900F005985CD /* Release */ = {
			isa = XCBuildConfiguration;
			buildSettings = {
				INFOPLIST_FILE = SnackbarUITests/Info.plist;
				LD_RUNPATH_SEARCH_PATHS = "$(inherited) @executable_path/Frameworks @loader_path/Frameworks";
				PRODUCT_BUNDLE_IDENTIFIER = com.epic.SnackbarUITests;
				PRODUCT_NAME = "$(TARGET_NAME)";
				TEST_TARGET_NAME = Snackbar;
			};
			name = Release;
		};
/* End XCBuildConfiguration section */

/* Begin XCConfigurationList section */
		191E89A81CCD900E005985CD /* Build configuration list for PBXProject "Snackbar" */ = {
			isa = XCConfigurationList;
			buildConfigurations = (
				191E89D31CCD900F005985CD /* Debug */,
				191E89D41CCD900F005985CD /* Release */,
			);
			defaultConfigurationIsVisible = 0;
			defaultConfigurationName = Release;
		};
		191E89D51CCD900F005985CD /* Build configuration list for PBXNativeTarget "Snackbar" */ = {
			isa = XCConfigurationList;
			buildConfigurations = (
				191E89D61CCD900F005985CD /* Debug */,
				191E89D71CCD900F005985CD /* Release */,
			);
			defaultConfigurationIsVisible = 0;
		};
		191E89D81CCD900F005985CD /* Build configuration list for PBXNativeTarget "SnackbarTests" */ = {
			isa = XCConfigurationList;
			buildConfigurations = (
				191E89D91CCD900F005985CD /* Debug */,
				191E89DA1CCD900F005985CD /* Release */,
			);
			defaultConfigurationIsVisible = 0;
		};
		191E89DB1CCD900F005985CD /* Build configuration list for PBXNativeTarget "SnackbarUITests" */ = {
			isa = XCConfigurationList;
			buildConfigurations = (
				191E89DC1CCD900F005985CD /* Debug */,
				191E89DD1CCD900F005985CD /* Release */,
			);
			defaultConfigurationIsVisible = 0;
		};
/* End XCConfigurationList section */
	};
	rootObject = 191E89A51CCD900E005985CD /* Project object */;
}
